
Microsoft Visual Studio Solution File, Format Version 12.00
# Visual Studio Version 16
VisualStudioVersion = 16.0.31624.102
MinimumVisualStudioVersion = 10.0.40219.1
Project("{8BC9CEB8-8B4A-11D0-8D11-00A0C91BC942}") = "20211022", "20211022.vcxproj", "{8E55FCEC-606C-4321-A993-3F4069CFCD7C}"
EndProject
Project("{8BC9CEB8-8B4A-11D0-8D11-00A0C91BC942}") = "num3", "..\num3\num3.vcxproj", "{DF4A60C5-30E9-40AB-99B4-48830A7BDDE0}"
EndProject
Global
	GlobalSection(SolutionConfigurationPlatforms) = preSolution
		Debug|x64 = Debug|x64
		Debug|x86 = Debug|x86
		Release|x64 = Release|x64
		Release|x86 = Release|x86
	EndGlobalSection
	GlobalSection(ProjectConfigurationPlatforms) = postSolution
		{8E55FCEC-606C-4321-A993-3F4069CFCD7C}.Debug|x64.ActiveCfg = Debug|x64
		{8E55FCEC-606C-4321-A993-3F4069CFCD7C}.Debug|x64.Build.0 = Debug|x64
		{8E55FCEC-606C-4321-A993-3F4069CFCD7C}.Debug|x86.ActiveCfg = Debug|Win32
		{8E55FCEC-606C-4321-A993-3F4069CFCD7C}.Debug|x86.Build.0 = Debug|Win32
		{8E55FCEC-606C-4321-A993-3F4069CFCD7C}.Release|x64.ActiveCfg = Release|x64
		{8E55FCEC-606C-4321-A993-3F4069CFCD7C}.Release|x64.Build.0 = Release|x64
		{8E55FCEC-606C-4321-A993-3F4069CFCD7C}.Release|x86.ActiveCfg = Release|Win32
		{8E55FCEC-606C-4321-A993-3F4069CFCD7C}.Release|x86.Build.0 = Release|Win32
		{DF4A60C5-30E9-40AB-99B4-48830A7BDDE0}.Debug|x64.ActiveCfg = Debug|x64
		{DF4A60C5-30E9-40AB-99B4-48830A7BDDE0}.Debug|x64.Build.0 = Debug|x64
		{DF4A60C5-30E9-40AB-99B4-48830A7BDDE0}.Debug|x86.ActiveCfg = Debug|Win32
		{DF4A60C5-30E9-40AB-99B4-48830A7BDDE0}.Debug|x86.Build.0 = Debug|Win32
		{DF4A60C5-30E9-40AB-99B4-48830A7BDDE0}.Release|x64.ActiveCfg = Release|x64
		{DF4A60C5-30E9-40AB-99B4-48830A7BDDE0}.Release|x64.Build.0 = Release|x64
		{DF4A60C5-30E9-40AB-99B4-48830A7BDDE0}.Release|x86.ActiveCfg = Release|Win32
		{DF4A60C5-30E9-40AB-99B4-48830A7BDDE0}.Release|x86.Build.0 = Release|Win32
	EndGlobalSection
	GlobalSection(SolutionProperties) = preSolution
		HideSolutionNode = FALSE
	EndGlobalSection
	GlobalSection(ExtensibilityGlobals) = postSolution
		SolutionGuid = {56EB081D-947D-403C-A712-FF7BAE0AE4DA}
	EndGlobalSection
EndGlobal
