
Microsoft Visual Studio Solution File, Format Version 12.00
# Visual Studio Version 16
VisualStudioVersion = 16.0.31624.102
MinimumVisualStudioVersion = 10.0.40219.1
Project("{8BC9CEB8-8B4A-11D0-8D11-00A0C91BC942}") = "num8", "num8.vcxproj", "{EF70FD5D-8D19-4C6E-A8DC-9C6679E0221D}"
EndProject
Global
	GlobalSection(SolutionConfigurationPlatforms) = preSolution
		Debug|x64 = Debug|x64
		Debug|x86 = Debug|x86
		Release|x64 = Release|x64
		Release|x86 = Release|x86
	EndGlobalSection
	GlobalSection(ProjectConfigurationPlatforms) = postSolution
		{EF70FD5D-8D19-4C6E-A8DC-9C6679E0221D}.Debug|x64.ActiveCfg = Debug|x64
		{EF70FD5D-8D19-4C6E-A8DC-9C6679E0221D}.Debug|x64.Build.0 = Debug|x64
		{EF70FD5D-8D19-4C6E-A8DC-9C6679E0221D}.Debug|x86.ActiveCfg = Debug|Win32
		{EF70FD5D-8D19-4C6E-A8DC-9C6679E0221D}.Debug|x86.Build.0 = Debug|Win32
		{EF70FD5D-8D19-4C6E-A8DC-9C6679E0221D}.Release|x64.ActiveCfg = Release|x64
		{EF70FD5D-8D19-4C6E-A8DC-9C6679E0221D}.Release|x64.Build.0 = Release|x64
		{EF70FD5D-8D19-4C6E-A8DC-9C6679E0221D}.Release|x86.ActiveCfg = Release|Win32
		{EF70FD5D-8D19-4C6E-A8DC-9C6679E0221D}.Release|x86.Build.0 = Release|Win32
	EndGlobalSection
	GlobalSection(SolutionProperties) = preSolution
		HideSolutionNode = FALSE
	EndGlobalSection
	GlobalSection(ExtensibilityGlobals) = postSolution
		SolutionGuid = {3147E02E-CA61-461E-A7D2-D859B835A201}
	EndGlobalSection
EndGlobal
