
Microsoft Visual Studio Solution File, Format Version 12.00
# Visual Studio Version 16
VisualStudioVersion = 16.0.31624.102
MinimumVisualStudioVersion = 10.0.40219.1
Project("{8BC9CEB8-8B4A-11D0-8D11-00A0C91BC942}") = "20211015_practice", "20211015_practice.vcxproj", "{5E0967D2-95BD-4B89-9327-766F271AF37D}"
EndProject
Global
	GlobalSection(SolutionConfigurationPlatforms) = preSolution
		Debug|x64 = Debug|x64
		Debug|x86 = Debug|x86
		Release|x64 = Release|x64
		Release|x86 = Release|x86
	EndGlobalSection
	GlobalSection(ProjectConfigurationPlatforms) = postSolution
		{5E0967D2-95BD-4B89-9327-766F271AF37D}.Debug|x64.ActiveCfg = Debug|x64
		{5E0967D2-95BD-4B89-9327-766F271AF37D}.Debug|x64.Build.0 = Debug|x64
		{5E0967D2-95BD-4B89-9327-766F271AF37D}.Debug|x86.ActiveCfg = Debug|Win32
		{5E0967D2-95BD-4B89-9327-766F271AF37D}.Debug|x86.Build.0 = Debug|Win32
		{5E0967D2-95BD-4B89-9327-766F271AF37D}.Release|x64.ActiveCfg = Release|x64
		{5E0967D2-95BD-4B89-9327-766F271AF37D}.Release|x64.Build.0 = Release|x64
		{5E0967D2-95BD-4B89-9327-766F271AF37D}.Release|x86.ActiveCfg = Release|Win32
		{5E0967D2-95BD-4B89-9327-766F271AF37D}.Release|x86.Build.0 = Release|Win32
	EndGlobalSection
	GlobalSection(SolutionProperties) = preSolution
		HideSolutionNode = FALSE
	EndGlobalSection
	GlobalSection(ExtensibilityGlobals) = postSolution
		SolutionGuid = {C4FC1BE0-9BB3-4CBB-BC3E-F25A3BF934DB}
	EndGlobalSection
EndGlobal
